
Microsoft Visual Studio Solution File, Format Version 12.00
# Visual Studio 15
VisualStudioVersion = 15.0.27130.2010
MinimumVisualStudioVersion = 10.0.40219.1
Project("{FAE04EC0-301F-11D3-BF4B-00C04F79EFBC}") = "ImgConvertingApp", "ImgConvertingApp\ImgConvertingApp.csproj", "{72D11D72-48E2-4BA1-916A-C613DBFE3AFD}"
EndProject
Global
	GlobalSection(SolutionConfigurationPlatforms) = preSolution
		Debug|Any CPU = Debug|Any CPU
		Release|Any CPU = Release|Any CPU
	EndGlobalSection
	GlobalSection(ProjectConfigurationPlatforms) = postSolution
		{72D11D72-48E2-4BA1-916A-C613DBFE3AFD}.Debug|Any CPU.ActiveCfg = Debug|Any CPU
		{72D11D72-48E2-4BA1-916A-C613DBFE3AFD}.Debug|Any CPU.Build.0 = Debug|Any CPU
		{72D11D72-48E2-4BA1-916A-C613DBFE3AFD}.Release|Any CPU.ActiveCfg = Release|Any CPU
		{72D11D72-48E2-4BA1-916A-C613DBFE3AFD}.Release|Any CPU.Build.0 = Release|Any CPU
	EndGlobalSection
	GlobalSection(SolutionProperties) = preSolution
		HideSolutionNode = FALSE
	EndGlobalSection
	GlobalSection(ExtensibilityGlobals) = postSolution
		SolutionGuid = {13F6A287-CDBB-480F-8946-D5CBF1D3E7A0}
	EndGlobalSection
EndGlobal
